GIT
  remote: git@github.com:engineyard/ey_sso.git
  revision: b360bf904b3c1c887f500bbfd3cbb17228eb9170
  specs:
    ey_sso (0.9.15.pre)
      ZenTest (~> 4.5.0)
      addressable (~> 2.2.2)
      artifice (~> 0.6)
      halorgium-auth-hmac (~> 1.1.0)
      json (~> 1.1)
      mechanize (~> 0.9.3)
      rack (~> 1.1)
      randexp (~> 0.1.4)
      rest-client (~> 1.6.0)
      ruby-openid (~> 2.1.7)
      sinatra (~> 1.0)
      uuid (~> 2.3.1)

PATH
  remote: ../ey_services_api
  specs:
    ey_services_api (0.0.1)
      ey_api_hmac
      json

PATH
  remote: ../lisonja
  specs:
    lisonja (0.1.TODO)
      activerecord (= 3.0.9)
      ey_sso
      haml
      sinatra
      sqlite3

PATH
  remote: ../tresfiestas
  specs:
    tresfiestas (0.1.TODO)
      RedCloth
      ey_api_hmac
      ey_sso
      haml
      rails (= 3.0.9)
      sqlite3

GEM
  remote: http://rubygems.org/
  specs:
    ParseTree (3.0.7)
      RubyInline (>= 3.7.0)
      sexp_processor (>= 3.0.0)
    RedCloth (4.2.8)
    RubyInline (3.9.0)
      ZenTest (~> 4.3)
    ZenTest (4.5.0)
    abstract (1.0.0)
    actionmailer (3.0.9)
      actionpack (= 3.0.9)
      mail (~> 2.2.19)
    actionpack (3.0.9)
      activemodel (= 3.0.9)
      activesupport (= 3.0.9)
      builder (~> 2.1.2)
      erubis (~> 2.6.6)
      i18n (~> 0.5.0)
      rack (~> 1.2.1)
      rack-mount (~> 0.6.14)
      rack-test (~> 0.5.7)
      tzinfo (~> 0.3.23)
    activemodel (3.0.9)
      activesupport (= 3.0.9)
      builder (~> 2.1.2)
      i18n (~> 0.5.0)
    activerecord (3.0.9)
      activemodel (= 3.0.9)
      activesupport (= 3.0.9)
      arel (~> 2.0.10)
      tzinfo (~> 0.3.23)
    activeresource (3.0.9)
      activemodel (= 3.0.9)
      activesupport (= 3.0.9)
    activesupport (3.0.9)
    addressable (2.2.6)
    arel (2.0.10)
    artifice (0.6)
      rack-test
    builder (2.1.2)
    diff-lcs (1.1.2)
    erubis (2.6.6)
      abstract (>= 1.0.0)
    ey_api_hmac (0.0.7)
      json
      rack-client
    halorgium-auth-hmac (1.1.1.2010100601)
    haml (3.1.2)
    i18n (0.5.0)
    json (1.5.3)
    macaddr (1.4.0)
      systemu (~> 2.2.0)
    mail (2.2.19)
      activesupport (>= 2.3.6)
      i18n (>= 0.4.0)
      mime-types (~> 1.16)
      treetop (~> 1.4.8)
    mechanize (0.9.3)
      nokogiri (>= 1.2.1)
    mime-types (1.16)
    nokogiri (1.5.0)
    polyglot (0.3.2)
    rack (1.2.3)
    rack-client (0.4.0)
      rack (>= 1.0.0)
    rack-mount (0.6.14)
      rack (>= 1.0.0)
    rack-test (0.5.7)
      rack (>= 1.0)
    rails (3.0.9)
      actionmailer (= 3.0.9)
      actionpack (= 3.0.9)
      activerecord (= 3.0.9)
      activeresource (= 3.0.9)
      activesupport (= 3.0.9)
      bundler (~> 1.0)
      railties (= 3.0.9)
    railties (3.0.9)
      actionpack (= 3.0.9)
      activesupport (= 3.0.9)
      rake (>= 0.8.7)
      rdoc (~> 3.4)
      thor (~> 0.14.4)
    rake (0.9.2)
    randexp (0.1.5)
      ParseTree
    rdoc (3.9.3)
    rest-client (1.6.7)
      mime-types (>= 1.16)
    rspec (2.6.0)
      rspec-core (~> 2.6.0)
      rspec-expectations (~> 2.6.0)
      rspec-mocks (~> 2.6.0)
    rspec-core (2.6.4)
    rspec-expectations (2.6.0)
      diff-lcs (~> 1.1.2)
    rspec-mocks (2.6.0)
    ruby-openid (2.1.8)
    sexp_processor (3.0.6)
    sinatra (1.2.6)
      rack (~> 1.1)
      tilt (< 2.0, >= 1.2.2)
    sqlite3 (1.3.4)
    systemu (2.2.0)
    thor (0.14.6)
    tilt (1.3.3)
    treetop (1.4.10)
      polyglot
      polyglot (>= 0.3.1)
    tzinfo (0.3.29)
    uuid (2.3.3)
      macaddr (~> 1.0)

PLATFORMS
  ruby

DEPENDENCIES
  ey_services_api!
  ey_sso!
  lisonja!
  rspec
  sinatra
  tresfiestas!
